{
  "name": "typed",
  "version": "1.0.0",
  "lockfileVersion": 2,
  "requires": true,
  "packages": {
    "": {
      "name": "typed",
      "version": "1.0.0",
      "license": "MIT",
      "dependencies": {
        "class-validator": "^0.13.2",
        "graphql": "^15.8.0",
        "reflect-metadata": "^0.1.13",
        "type-graphql": "^1.1.1"
      },
      "devDependencies": {
        "@swc/cli": "^0.1.57",
        "@swc/core": "^1.3.14"
      }
    },
    "node_modules/@nodelib/fs.scandir": {
      "version": "2.1.5",
      "resolved": "https://registry.npmmirror.com/@nodelib/fs.scandir/-/fs.scandir-2.1.5.tgz",
      "integrity": "sha512-vq24Bq3ym5HEQm2NKCr3yXDwjc7vTsEThRDnkp2DK9p1uqLR+DHurm/NOTo0KG7HYHU7eppKZj3MyqYuMBf62g==",
      "dev": true,
      "dependencies": {
        "@nodelib/fs.stat": "2.0.5",
        "run-parallel": "^1.1.9"
      },
      "engines": {
        "node": ">= 8"
      }
    },
    "node_modules/@nodelib/fs.stat": {
      "version": "2.0.5",
      "resolved": "https://registry.npmmirror.com/@nodelib/fs.stat/-/fs.stat-2.0.5.tgz",
      "integrity": "sha512-RkhPPp2zrqDAQA/2jNhnztcPAlv64XdhIp7a7454A5ovI7Bukxgt7MX7udwAu3zg1DcpPU0rz3VV1SeaqvY4+A==",
      "dev": true,
      "engines": {
        "node": ">= 8"
      }
    },
    "node_modules/@nodelib/fs.walk": {
      "version": "1.2.8",
      "resolved": "https://registry.npmmirror.com/@nodelib/fs.walk/-/fs.walk-1.2.8.tgz",
      "integrity": "sha512-oGB+UxlgWcgQkgwo8GcEGwemoTFt3FIO9ababBmaGwXIoBKZ+GTy0pP185beGg7Llih/NSHSV2XAs1lnznocSg==",
      "dev": true,
      "dependencies": {
        "@nodelib/fs.scandir": "2.1.5",
        "fastq": "^1.6.0"
      },
      "engines": {
        "node": ">= 8"
      }
    },
    "node_modules/@swc/cli": {
      "version": "0.1.57",
      "resolved": "https://registry.npmmirror.com/@swc/cli/-/cli-0.1.57.tgz",
      "integrity": "sha512-HxM8TqYHhAg+zp7+RdTU69bnkl4MWdt1ygyp6BDIPjTiaJVH6Dizn2ezbgDS8mnFZI1FyhKvxU/bbaUs8XhzQg==",
      "dev": true,
      "dependencies": {
        "commander": "^7.1.0",
        "fast-glob": "^3.2.5",
        "slash": "3.0.0",
        "source-map": "^0.7.3"
      },
      "bin": {
        "spack": "bin/spack.js",
        "swc": "bin/swc.js"
      },
      "engines": {
        "node": ">= 12.13"
      },
      "peerDependencies": {
        "@swc/core": "^1.2.66",
        "chokidar": "^3.5.1"
      },
      "peerDependenciesMeta": {
        "chokidar": {
          "optional": true
        }
      }
    },
    "node_modules/@swc/core": {
      "version": "1.3.14",
      "resolved": "https://registry.npmmirror.com/@swc/core/-/core-1.3.14.tgz",
      "integrity": "sha512-LpTTrXOGS7vnbR/rHrAux7GykUWbyVmI5NbICl9iF9yeqFdGm6JjaGBhbanmG8zrQL5aFx2kMxxb92V9D1KUiw==",
      "dev": true,
      "hasInstallScript": true,
      "bin": {
        "swcx": "run_swcx.js"
      },
      "engines": {
        "node": ">=10"
      },
      "optionalDependencies": {
        "@swc/core-darwin-arm64": "1.3.14",
        "@swc/core-darwin-x64": "1.3.14",
        "@swc/core-linux-arm-gnueabihf": "1.3.14",
        "@swc/core-linux-arm64-gnu": "1.3.14",
        "@swc/core-linux-arm64-musl": "1.3.14",
        "@swc/core-linux-x64-gnu": "1.3.14",
        "@swc/core-linux-x64-musl": "1.3.14",
        "@swc/core-win32-arm64-msvc": "1.3.14",
        "@swc/core-win32-ia32-msvc": "1.3.14",
        "@swc/core-win32-x64-msvc": "1.3.14"
      }
    },
    "node_modules/@swc/core-darwin-arm64": {
      "version": "1.3.14",
      "resolved": "https://registry.npmmirror.com/@swc/core-darwin-arm64/-/core-darwin-arm64-1.3.14.tgz",
      "integrity": "sha512-QFuUq3341uOCrJMIWGuo+CmRC5qZoM2lUo7o2lmv1FO1Dh9njTG85pLD83vz6y4j/F034DBGzvRgSti/Bsoccw==",
      "cpu": [
        "arm64"
      ],
      "dev": true,
      "optional": true,
      "os": [
        "darwin"
      ],
      "engines": {
        "node": ">=10"
      }
    },
    "node_modules/@swc/core-darwin-x64": {
      "version": "1.3.14",
      "resolved": "https://registry.npmmirror.com/@swc/core-darwin-x64/-/core-darwin-x64-1.3.14.tgz",
      "integrity": "sha512-fpAjbjXimJBmxCumRB8zjEtPc0lGUi9Uvu92XH6ww6AyXvg7KQmua5P2R9tnzAm6NwTCXKkgS86cgKysAbbObw==",
      "cpu": [
        "x64"
      ],
      "dev": true,
      "optional": true,
      "os": [
        "darwin"
      ],
      "engines": {
        "node": ">=10"
      }
    },
    "node_modules/@swc/core-linux-arm-gnueabihf": {
      "version": "1.3.14",
      "resolved": "https://registry.npmmirror.com/@swc/core-linux-arm-gnueabihf/-/core-linux-arm-gnueabihf-1.3.14.tgz",
      "integrity": "sha512-3XSFlgIyDPS+x2c0IFr0AGj4NUbrWGKbkkUCpmAURII0n3YoDsYw8Ux73I8MkWxTTwDGkou8qQOXyA28kAUM4w==",
      "cpu": [
        "arm"
      ],
      "dev": true,
      "optional": true,
      "os": [
        "linux"
      ],
      "engines": {
        "node": ">=10"
      }
    },
    "node_modules/@swc/core-linux-arm64-gnu": {
      "version": "1.3.14",
      "resolved": "https://registry.npmmirror.com/@swc/core-linux-arm64-gnu/-/core-linux-arm64-gnu-1.3.14.tgz",
      "integrity": "sha512-r3fToDRYX76NEptAjvDg5aGrbitOgqooV37RpSTIGYd/CSNuin4cpCNFdca/Vh5lnNfal7mqdGDbG7gMruARtw==",
      "cpu": [
        "arm64"
      ],
      "dev": true,
      "optional": true,
      "os": [
        "linux"
      ],
      "engines": {
        "node": ">=10"
      }
    },
    "node_modules/@swc/core-linux-arm64-musl": {
      "version": "1.3.14",
      "resolved": "https://registry.npmmirror.com/@swc/core-linux-arm64-musl/-/core-linux-arm64-musl-1.3.14.tgz",
      "integrity": "sha512-IivEUC+3HNSsQNCfaCDzev2CpsvWpgFReitCmj0PKIdXFRsTi78jtJiraLWnYy956j4wwZbKN0OFGkS2ekKAVg==",
      "cpu": [
        "arm64"
      ],
      "dev": true,
      "optional": true,
      "os": [
        "linux"
      ],
      "engines": {
        "node": ">=10"
      }
    },
    "node_modules/@swc/core-linux-x64-gnu": {
      "version": "1.3.14",
      "resolved": "https://registry.npmmirror.com/@swc/core-linux-x64-gnu/-/core-linux-x64-gnu-1.3.14.tgz",
      "integrity": "sha512-HtwwA1Z0tE2z9fgaR5ehgY5ULbnVLHj3tayyWhIElF4EWsi6aQfCyn/oCZAcjoPKfEnJiSNBYt5gMmfK8l4mJA==",
      "cpu": [
        "x64"
      ],
      "dev": true,
      "optional": true,
      "os": [
        "linux"
      ],
      "engines": {
        "node": ">=10"
      }
    },
    "node_modules/@swc/core-linux-x64-musl": {
      "version": "1.3.14",
      "resolved": "https://registry.npmmirror.com/@swc/core-linux-x64-musl/-/core-linux-x64-musl-1.3.14.tgz",
      "integrity": "sha512-RPXilkTD8IVgpou4TNuqZJOB7kMrVJ7sm7GgHF4v1eV3xdIyvy4w5FWjXZRdwMW6iunLgQEckuOmVx0I4mrdNg==",
      "cpu": [
        "x64"
      ],
      "dev": true,
      "optional": true,
      "os": [
        "linux"
      ],
      "engines": {
        "node": ">=10"
      }
    },
    "node_modules/@swc/core-win32-arm64-msvc": {
      "version": "1.3.14",
      "resolved": "https://registry.npmmirror.com/@swc/core-win32-arm64-msvc/-/core-win32-arm64-msvc-1.3.14.tgz",
      "integrity": "sha512-H8Ka/ahJRs84hQCHC5ndORujbLBmi1mv+Z/m4CXpOaEX7TmeAo8nA17rrRckNvVkud9fghsKQGjkBQvJ0v7mRw==",
      "cpu": [
        "arm64"
      ],
      "dev": true,
      "optional": true,
      "os": [
        "win32"
      ],
      "engines": {
        "node": ">=10"
      }
    },
    "node_modules/@swc/core-win32-ia32-msvc": {
      "version": "1.3.14",
      "resolved": "https://registry.npmmirror.com/@swc/core-win32-ia32-msvc/-/core-win32-ia32-msvc-1.3.14.tgz",
      "integrity": "sha512-H3ZmDXrVxrqBzzCFodwYfcXfTHE0xGNLJlLGzJ4haV6RBM3ZYIvRzDtPivDzic/VQncmPj1WpLoEDfx/7KNC8Q==",
      "cpu": [
        "ia32"
      ],
      "dev": true,
      "optional": true,
      "os": [
        "win32"
      ],
      "engines": {
        "node": ">=10"
      }
    },
    "node_modules/@swc/core-win32-x64-msvc": {
      "version": "1.3.14",
      "resolved": "https://registry.npmmirror.com/@swc/core-win32-x64-msvc/-/core-win32-x64-msvc-1.3.14.tgz",
      "integrity": "sha512-/D1lhWF/DQi2M7b6jWL35NmTY0mRJ5mwTXdmjqNNWOZ8h8TXQo1A3/FDFnfIIcRUeSNdF7IeB3xInT3BI34E1w==",
      "cpu": [
        "x64"
      ],
      "dev": true,
      "optional": true,
      "os": [
        "win32"
      ],
      "engines": {
        "node": ">=10"
      }
    },
    "node_modules/@types/glob": {
      "version": "7.2.0",
      "resolved": "https://registry.npmmirror.com/@types/glob/-/glob-7.2.0.tgz",
      "integrity": "sha512-ZUxbzKl0IfJILTS6t7ip5fQQM/J3TJYubDm3nMbgubNNYS62eXeUpoLUC8/7fJNiFYHTrGPQn7hspDUzIHX3UA==",
      "dependencies": {
        "@types/minimatch": "*",
        "@types/node": "*"
      }
    },
    "node_modules/@types/minimatch": {
      "version": "5.1.2",
      "resolved": "https://registry.npmmirror.com/@types/minimatch/-/minimatch-5.1.2.tgz",
      "integrity": "sha512-K0VQKziLUWkVKiRVrx4a40iPaxTUefQmjtkQofBkYRcoaaL/8rhwDWww9qWbrgicNOgnpIsMxyNIUM4+n6dUIA=="
    },
    "node_modules/@types/node": {
      "version": "18.11.9",
      "resolved": "https://registry.npmmirror.com/@types/node/-/node-18.11.9.tgz",
      "integrity": "sha512-CRpX21/kGdzjOpFsZSkcrXMGIBWMGNIHXXBVFSH+ggkftxg+XYP20TESbh+zFvFj3EQOl5byk0HTRn1IL6hbqg=="
    },
    "node_modules/@types/semver": {
      "version": "7.3.13",
      "resolved": "https://registry.npmmirror.com/@types/semver/-/semver-7.3.13.tgz",
      "integrity": "sha512-21cFJr9z3g5dW8B0CVI9g2O9beqaThGQ6ZFBqHfwhzLDKUxaqTIy3vnfah/UPkfOiF2pLq+tGz+W8RyCskuslw=="
    },
    "node_modules/balanced-match": {
      "version": "1.0.2",
      "resolved": "https://registry.npmmirror.com/balanced-match/-/balanced-match-1.0.2.tgz",
      "integrity": "sha512-3oSeUO0TMV67hN1AmbXsK4yaqU7tjiHlbxRDZOpH0KW9+CeX4bRAaX0Anxt0tx2MrpRpWwQaPwIlISEJhYU5Pw=="
    },
    "node_modules/brace-expansion": {
      "version": "1.1.11",
      "resolved": "https://registry.npmmirror.com/brace-expansion/-/brace-expansion-1.1.11.tgz",
      "integrity": "sha512-iCuPHDFgrHX7H2vEI/5xpz07zSHB00TpugqhmYtVmMO6518mCuRMoOYFldEBl0g187ufozdaHgWKcYFb61qGiA==",
      "dependencies": {
        "balanced-match": "^1.0.0",
        "concat-map": "0.0.1"
      }
    },
    "node_modules/braces": {
      "version": "3.0.2",
      "resolved": "https://registry.npmmirror.com/braces/-/braces-3.0.2.tgz",
      "integrity": "sha512-b8um+L1RzM3WDSzvhm6gIz1yfTbBt6YTlcEKAvsmqCZZFw46z626lVj9j1yEPW33H5H+lBQpZMP1k8l+78Ha0A==",
      "dev": true,
      "dependencies": {
        "fill-range": "^7.0.1"
      },
      "engines": {
        "node": ">=8"
      }
    },
    "node_modules/class-validator": {
      "version": "0.13.2",
      "resolved": "https://registry.npmmirror.com/class-validator/-/class-validator-0.13.2.tgz",
      "integrity": "sha512-yBUcQy07FPlGzUjoLuUfIOXzgynnQPPruyK1Ge2B74k9ROwnle1E+NxLWnUv5OLU8hA/qL5leAE9XnXq3byaBw==",
      "dependencies": {
        "libphonenumber-js": "^1.9.43",
        "validator": "^13.7.0"
      }
    },
    "node_modules/commander": {
      "version": "7.2.0",
      "resolved": "https://registry.npmmirror.com/commander/-/commander-7.2.0.tgz",
      "integrity": "sha512-QrWXB+ZQSVPmIWIhtEO9H+gwHaMGYiF5ChvoJ+K9ZGHG/sVsa6yiesAD1GC/x46sET00Xlwo1u49RVVVzvcSkw==",
      "dev": true,
      "engines": {
        "node": ">= 10"
      }
    },
    "node_modules/concat-map": {
      "version": "0.0.1",
      "resolved": "https://registry.npmmirror.com/concat-map/-/concat-map-0.0.1.tgz",
      "integrity": "sha512-/Srv4dswyQNBfohGpz9o6Yb3Gz3SrUDqBH5rTuhGR7ahtlbYKnVxw2bCFMRljaA7EXHaXZ8wsHdodFvbkhKmqg=="
    },
    "node_modules/fast-glob": {
      "version": "3.2.12",
      "resolved": "https://registry.npmmirror.com/fast-glob/-/fast-glob-3.2.12.tgz",
      "integrity": "sha512-DVj4CQIYYow0BlaelwK1pHl5n5cRSJfM60UA0zK891sVInoPri2Ekj7+e1CT3/3qxXenpI+nBBmQAcJPJgaj4w==",
      "dev": true,
      "dependencies": {
        "@nodelib/fs.stat": "^2.0.2",
        "@nodelib/fs.walk": "^1.2.3",
        "glob-parent": "^5.1.2",
        "merge2": "^1.3.0",
        "micromatch": "^4.0.4"
      },
      "engines": {
        "node": ">=8.6.0"
      }
    },
    "node_modules/fastq": {
      "version": "1.13.0",
      "resolved": "https://registry.npmmirror.com/fastq/-/fastq-1.13.0.tgz",
      "integrity": "sha512-YpkpUnK8od0o1hmeSc7UUs/eB/vIPWJYjKck2QKIzAf71Vm1AAQ3EbuZB3g2JIy+pg+ERD0vqI79KyZiB2e2Nw==",
      "dev": true,
      "dependencies": {
        "reusify": "^1.0.4"
      }
    },
    "node_modules/fill-range": {
      "version": "7.0.1",
      "resolved": "https://registry.npmmirror.com/fill-range/-/fill-range-7.0.1.tgz",
      "integrity": "sha512-qOo9F+dMUmC2Lcb4BbVvnKJxTPjCm+RRpe4gDuGrzkL7mEVl/djYSu2OdQ2Pa302N4oqkSg9ir6jaLWJ2USVpQ==",
      "dev": true,
      "dependencies": {
        "to-regex-range": "^5.0.1"
      },
      "engines": {
        "node": ">=8"
      }
    },
    "node_modules/fs.realpath": {
      "version": "1.0.0",
      "resolved": "https://registry.npmmirror.com/fs.realpath/-/fs.realpath-1.0.0.tgz",
      "integrity": "sha512-OO0pH2lK6a0hZnAdau5ItzHPI6pUlvI7jMVnxUQRtw4owF2wk8lOSabtGDCTP4Ggrg2MbGnWO9X8K1t4+fGMDw=="
    },
    "node_modules/glob": {
      "version": "7.2.3",
      "resolved": "https://registry.npmmirror.com/glob/-/glob-7.2.3.tgz",
      "integrity": "sha512-nFR0zLpU2YCaRxwoCJvL6UvCH2JFyFVIvwTLsIf21AuHlMskA1hhTdk+LlYJtOlYt9v6dvszD2BGRqBL+iQK9Q==",
      "dependencies": {
        "fs.realpath": "^1.0.0",
        "inflight": "^1.0.4",
        "inherits": "2",
        "minimatch": "^3.1.1",
        "once": "^1.3.0",
        "path-is-absolute": "^1.0.0"
      },
      "engines": {
        "node": "*"
      }
    },
    "node_modules/glob-parent": {
      "version": "5.1.2",
      "resolved": "https://registry.npmmirror.com/glob-parent/-/glob-parent-5.1.2.tgz",
      "integrity": "sha512-AOIgSQCepiJYwP3ARnGx+5VnTu2HBYdzbGP45eLw1vr3zB3vZLeyed1sC9hnbcOc9/SrMyM5RPQrkGz4aS9Zow==",
      "dev": true,
      "dependencies": {
        "is-glob": "^4.0.1"
      },
      "engines": {
        "node": ">= 6"
      }
    },
    "node_modules/graphql": {
      "version": "15.8.0",
      "resolved": "https://registry.npmmirror.com/graphql/-/graphql-15.8.0.tgz",
      "integrity": "sha512-5gghUc24tP9HRznNpV2+FIoq3xKkj5dTQqf4v0CpdPbFVwFkWoxOM+o+2OC9ZSvjEMTjfmG9QT+gcvggTwW1zw==",
      "engines": {
        "node": ">= 10.x"
      }
    },
    "node_modules/graphql-query-complexity": {
      "version": "0.7.2",
      "resolved": "https://registry.npmmirror.com/graphql-query-complexity/-/graphql-query-complexity-0.7.2.tgz",
      "integrity": "sha512-+VgmrfxGEjHI3zuojWOR8bsz7Ycz/BZjNjxnlUieTz5DsB92WoIrYCSZdWG7UWZ3rfcA1Gb2Nf+wB80GsaZWuQ==",
      "dependencies": {
        "lodash.get": "^4.4.2"
      },
      "peerDependencies": {
        "graphql": "^0.13.0 || ^14.0.0 || ^15.0.0"
      }
    },
    "node_modules/graphql-subscriptions": {
      "version": "1.2.1",
      "resolved": "https://registry.npmmirror.com/graphql-subscriptions/-/graphql-subscriptions-1.2.1.tgz",
      "integrity": "sha512-95yD/tKi24q8xYa7Q9rhQN16AYj5wPbrb8tmHGM3WRc9EBmWrG/0kkMl+tQG8wcEuE9ibR4zyOM31p5Sdr2v4g==",
      "dependencies": {
        "iterall": "^1.3.0"
      },
      "peerDependencies": {
        "graphql": "^0.10.5 || ^0.11.3 || ^0.12.0 || ^0.13.0 || ^14.0.0 || ^15.0.0"
      }
    },
    "node_modules/inflight": {
      "version": "1.0.6",
      "resolved": "https://registry.npmmirror.com/inflight/-/inflight-1.0.6.tgz",
      "integrity": "sha512-k92I/b08q4wvFscXCLvqfsHCrjrF7yiXsQuIVvVE7N82W3+aqpzuUdBbfhWcy/FZR3/4IgflMgKLOsvPDrGCJA==",
      "dependencies": {
        "once": "^1.3.0",
        "wrappy": "1"
      }
    },
    "node_modules/inherits": {
      "version": "2.0.4",
      "resolved": "https://registry.npmmirror.com/inherits/-/inherits-2.0.4.tgz",
      "integrity": "sha512-k/vGaX4/Yla3WzyMCvTQOXYeIHvqOKtnqBduzTHpzpQZzAskKMhZ2K+EnBiSM9zGSoIFeMpXKxa4dYeZIQqewQ=="
    },
    "node_modules/is-extglob": {
      "version": "2.1.1",
      "resolved": "https://registry.npmmirror.com/is-extglob/-/is-extglob-2.1.1.tgz",
      "integrity": "sha512-SbKbANkN603Vi4jEZv49LeVJMn4yGwsbzZworEoyEiutsN3nJYdbO36zfhGJ6QEDpOZIFkDtnq5JRxmvl3jsoQ==",
      "dev": true,
      "engines": {
        "node": ">=0.10.0"
      }
    },
    "node_modules/is-glob": {
      "version": "4.0.3",
      "resolved": "https://registry.npmmirror.com/is-glob/-/is-glob-4.0.3.tgz",
      "integrity": "sha512-xelSayHH36ZgE7ZWhli7pW34hNbNl8Ojv5KVmkJD4hBdD3th8Tfk9vYasLM+mXWOZhFkgZfxhLSnrwRr4elSSg==",
      "dev": true,
      "dependencies": {
        "is-extglob": "^2.1.1"
      },
      "engines": {
        "node": ">=0.10.0"
      }
    },
    "node_modules/is-number": {
      "version": "7.0.0",
      "resolved": "https://registry.npmmirror.com/is-number/-/is-number-7.0.0.tgz",
      "integrity": "sha512-41Cifkg6e8TylSpdtTpeLVMqvSBEVzTttHvERD741+pnZ8ANv0004MRL43QKPDlK9cGvNp6NZWZUBlbGXYxxng==",
      "dev": true,
      "engines": {
        "node": ">=0.12.0"
      }
    },
    "node_modules/iterall": {
      "version": "1.3.0",
      "resolved": "https://registry.npmmirror.com/iterall/-/iterall-1.3.0.tgz",
      "integrity": "sha512-QZ9qOMdF+QLHxy1QIpUHUU1D5pS2CG2P69LF6L6CPjPYA/XMOmKV3PZpawHoAjHNyB0swdVTRxdYT4tbBbxqwg=="
    },
    "node_modules/libphonenumber-js": {
      "version": "1.10.14",
      "resolved": "https://registry.npmmirror.com/libphonenumber-js/-/libphonenumber-js-1.10.14.tgz",
      "integrity": "sha512-McGS7GV/WjJ2KjfOGhJU1oJn29RYeo7Q+RpANRbUNMQ9gj5XArpbjurSuyYPTejFwbaUojstQ4XyWCrAzGOUXw=="
    },
    "node_modules/lodash.get": {
      "version": "4.4.2",
      "resolved": "https://registry.npmmirror.com/lodash.get/-/lodash.get-4.4.2.tgz",
      "integrity": "sha512-z+Uw/vLuy6gQe8cfaFWD7p0wVv8fJl3mbzXh33RS+0oW2wvUqiRXiQ69gLWSLpgB5/6sU+r6BlQR0MBILadqTQ=="
    },
    "node_modules/lru-cache": {
      "version": "6.0.0",
      "resolved": "https://registry.npmmirror.com/lru-cache/-/lru-cache-6.0.0.tgz",
      "integrity": "sha512-Jo6dJ04CmSjuznwJSS3pUeWmd/H0ffTlkXXgwZi+eq1UCmqQwCh+eLsYOYCwY991i2Fah4h1BEMCx4qThGbsiA==",
      "dependencies": {
        "yallist": "^4.0.0"
      },
      "engines": {
        "node": ">=10"
      }
    },
    "node_modules/merge2": {
      "version": "1.4.1",
      "resolved": "https://registry.npmmirror.com/merge2/-/merge2-1.4.1.tgz",
      "integrity": "sha512-8q7VEgMJW4J8tcfVPy8g09NcQwZdbwFEqhe/WZkoIzjn/3TGDwtOCYtXGxA3O8tPzpczCCDgv+P2P5y00ZJOOg==",
      "dev": true,
      "engines": {
        "node": ">= 8"
      }
    },
    "node_modules/micromatch": {
      "version": "4.0.5",
      "resolved": "https://registry.npmmirror.com/micromatch/-/micromatch-4.0.5.tgz",
      "integrity": "sha512-DMy+ERcEW2q8Z2Po+WNXuw3c5YaUSFjAO5GsJqfEl7UjvtIuFKO6ZrKvcItdy98dwFI2N1tg3zNIdKaQT+aNdA==",
      "dev": true,
      "dependencies": {
        "braces": "^3.0.2",
        "picomatch": "^2.3.1"
      },
      "engines": {
        "node": ">=8.6"
      }
    },
    "node_modules/minimatch": {
      "version": "3.1.2",
      "resolved": "https://registry.npmmirror.com/minimatch/-/minimatch-3.1.2.tgz",
      "integrity": "sha512-J7p63hRiAjw1NDEww1W7i37+ByIrOWO5XQQAzZ3VOcL0PNybwpfmV/N05zFAzwQ9USyEcX6t3UO+K5aqBQOIHw==",
      "dependencies": {
        "brace-expansion": "^1.1.7"
      },
      "engines": {
        "node": "*"
      }
    },
    "node_modules/once": {
      "version": "1.4.0",
      "resolved": "https://registry.npmmirror.com/once/-/once-1.4.0.tgz",
      "integrity": "sha512-lNaJgI+2Q5URQBkccEKHTQOPaXdUxnZZElQTZY0MFUAuaEqe1E+Nyvgdz/aIyNi6Z9MzO5dv1H8n58/GELp3+w==",
      "dependencies": {
        "wrappy": "1"
      }
    },
    "node_modules/path-is-absolute": {
      "version": "1.0.1",
      "resolved": "https://registry.npmmirror.com/path-is-absolute/-/path-is-absolute-1.0.1.tgz",
      "integrity": "sha512-AVbw3UJ2e9bq64vSaS9Am0fje1Pa8pbGqTTsmXfaIiMpnr5DlDhfJOuLj9Sf95ZPVDAUerDfEk88MPmPe7UCQg==",
      "engines": {
        "node": ">=0.10.0"
      }
    },
    "node_modules/picomatch": {
      "version": "2.3.1",
      "resolved": "https://registry.npmmirror.com/picomatch/-/picomatch-2.3.1.tgz",
      "integrity": "sha512-JU3teHTNjmE2VCGFzuY8EXzCDVwEqB2a8fsIvwaStHhAWJEeVd1o1QD80CU6+ZdEXXSLbSsuLwJjkCBWqRQUVA==",
      "dev": true,
      "engines": {
        "node": ">=8.6"
      }
    },
    "node_modules/queue-microtask": {
      "version": "1.2.3",
      "resolved": "https://registry.npmmirror.com/queue-microtask/-/queue-microtask-1.2.3.tgz",
      "integrity": "sha512-NuaNSa6flKT5JaSYQzJok04JzTL1CA6aGhv5rfLW3PgqA+M2ChpZQnAC8h8i4ZFkBS8X5RqkDBHA7r4hej3K9A==",
      "dev": true
    },
    "node_modules/reflect-metadata": {
      "version": "0.1.13",
      "resolved": "https://registry.npmmirror.com/reflect-metadata/-/reflect-metadata-0.1.13.tgz",
      "integrity": "sha512-Ts1Y/anZELhSsjMcU605fU9RE4Oi3p5ORujwbIKXfWa+0Zxs510Qrmrce5/Jowq3cHSZSJqBjypxmHarc+vEWg=="
    },
    "node_modules/reusify": {
      "version": "1.0.4",
      "resolved": "https://registry.npmmirror.com/reusify/-/reusify-1.0.4.tgz",
      "integrity": "sha512-U9nH88a3fc/ekCF1l0/UP1IosiuIjyTh7hBvXVMHYgVcfGvt897Xguj2UOLDeI5BG2m7/uwyaLVT6fbtCwTyzw==",
      "dev": true,
      "engines": {
        "iojs": ">=1.0.0",
        "node": ">=0.10.0"
      }
    },
    "node_modules/run-parallel": {
      "version": "1.2.0",
      "resolved": "https://registry.npmmirror.com/run-parallel/-/run-parallel-1.2.0.tgz",
      "integrity": "sha512-5l4VyZR86LZ/lDxZTR6jqL8AFE2S0IFLMP26AbjsLVADxHdhB/c0GUsH+y39UfCi3dzz8OlQuPmnaJOMoDHQBA==",
      "dev": true,
      "dependencies": {
        "queue-microtask": "^1.2.2"
      }
    },
    "node_modules/semver": {
      "version": "7.3.8",
      "resolved": "https://registry.npmmirror.com/semver/-/semver-7.3.8.tgz",
      "integrity": "sha512-NB1ctGL5rlHrPJtFDVIVzTyQylMLu9N9VICA6HSFJo8MCGVTMW6gfpicwKmmK/dAjTOrqu5l63JJOpDSrAis3A==",
      "dependencies": {
        "lru-cache": "^6.0.0"
      },
      "bin": {
        "semver": "bin/semver.js"
      },
      "engines": {
        "node": ">=10"
      }
    },
    "node_modules/slash": {
      "version": "3.0.0",
      "resolved": "https://registry.npmmirror.com/slash/-/slash-3.0.0.tgz",
      "integrity": "sha512-g9Q1haeby36OSStwb4ntCGGGaKsaVSjQ68fBxoQcutl5fS1vuY18H3wSt3jFyFtrkx+Kz0V1G85A4MyAdDMi2Q==",
      "dev": true,
      "engines": {
        "node": ">=8"
      }
    },
    "node_modules/source-map": {
      "version": "0.7.4",
      "resolved": "https://registry.npmmirror.com/source-map/-/source-map-0.7.4.tgz",
      "integrity": "sha512-l3BikUxvPOcn5E74dZiq5BGsTb5yEwhaTSzccU6t4sDOH8NWJCstKO5QT2CvtFoK6F0saL7p9xHAqHOlCPJygA==",
      "dev": true,
      "engines": {
        "node": ">= 8"
      }
    },
    "node_modules/to-regex-range": {
      "version": "5.0.1",
      "resolved": "https://registry.npmmirror.com/to-regex-range/-/to-regex-range-5.0.1.tgz",
      "integrity": "sha512-65P7iz6X5yEr1cwcgvQxbbIw7Uk3gOy5dIdtZ4rDveLqhrdJP+Li/Hx6tyK0NEb+2GCyneCMJiGqrADCSNk8sQ==",
      "dev": true,
      "dependencies": {
        "is-number": "^7.0.0"
      },
      "engines": {
        "node": ">=8.0"
      }
    },
    "node_modules/tslib": {
      "version": "2.4.1",
      "resolved": "https://registry.npmmirror.com/tslib/-/tslib-2.4.1.tgz",
      "integrity": "sha512-tGyy4dAjRIEwI7BzsB0lynWgOpfqjUdq91XXAlIWD2OwKBH7oCl/GZG/HT4BOHrTlPMOASlMQ7veyTqpmRcrNA=="
    },
    "node_modules/type-graphql": {
      "version": "1.1.1",
      "resolved": "https://registry.npmmirror.com/type-graphql/-/type-graphql-1.1.1.tgz",
      "integrity": "sha512-iOOWVn0ehCYMukmnXStbkRwFE9dcjt7/oDcBS1JyQZo9CbhlIll4lHHps54HMEk4A4c8bUPd+DjK8w1/ZrxB4A==",
      "hasInstallScript": true,
      "dependencies": {
        "@types/glob": "^7.1.3",
        "@types/node": "*",
        "@types/semver": "^7.3.3",
        "glob": "^7.1.6",
        "graphql-query-complexity": "^0.7.0",
        "graphql-subscriptions": "^1.1.0",
        "semver": "^7.3.2",
        "tslib": "^2.0.1"
      },
      "engines": {
        "node": ">= 10.3"
      },
      "peerDependencies": {
        "class-validator": ">=0.12.0",
        "graphql": "^15.3.0"
      }
    },
    "node_modules/validator": {
      "version": "13.7.0",
      "resolved": "https://registry.npmmirror.com/validator/-/validator-13.7.0.tgz",
      "integrity": "sha512-nYXQLCBkpJ8X6ltALua9dRrZDHVYxjJ1wgskNt1lH9fzGjs3tgojGSCBjmEPwkWS1y29+DrizMTW19Pr9uB2nw==",
      "engines": {
        "node": ">= 0.10"
      }
    },
    "node_modules/wrappy": {
      "version": "1.0.2",
      "resolved": "https://registry.npmmirror.com/wrappy/-/wrappy-1.0.2.tgz",
      "integrity": "sha512-l4Sp/DRseor9wL6EvV2+TuQn63dMkPjZ/sp9XkghTEbV9KlPS1xUsZ3u7/IQO4wxtcFB4bgpQPRcR3QCvezPcQ=="
    },
    "node_modules/yallist": {
      "version": "4.0.0",
      "resolved": "https://registry.npmmirror.com/yallist/-/yallist-4.0.0.tgz",
      "integrity": "sha512-3wdGidZyq5PB084XLES5TpOSRA3wjXAlIWMhum2kRcv/41Sn2emQ0dycQW4uZXLejwKvg6EsvbdlVL+FYEct7A=="
    }
  },
  "dependencies": {
    "@nodelib/fs.scandir": {
      "version": "2.1.5",
      "resolved": "https://registry.npmmirror.com/@nodelib/fs.scandir/-/fs.scandir-2.1.5.tgz",
      "integrity": "sha512-vq24Bq3ym5HEQm2NKCr3yXDwjc7vTsEThRDnkp2DK9p1uqLR+DHurm/NOTo0KG7HYHU7eppKZj3MyqYuMBf62g==",
      "dev": true,
      "requires": {
        "@nodelib/fs.stat": "2.0.5",
        "run-parallel": "^1.1.9"
      }
    },
    "@nodelib/fs.stat": {
      "version": "2.0.5",
      "resolved": "https://registry.npmmirror.com/@nodelib/fs.stat/-/fs.stat-2.0.5.tgz",
      "integrity": "sha512-RkhPPp2zrqDAQA/2jNhnztcPAlv64XdhIp7a7454A5ovI7Bukxgt7MX7udwAu3zg1DcpPU0rz3VV1SeaqvY4+A==",
      "dev": true
    },
    "@nodelib/fs.walk": {
      "version": "1.2.8",
      "resolved": "https://registry.npmmirror.com/@nodelib/fs.walk/-/fs.walk-1.2.8.tgz",
      "integrity": "sha512-oGB+UxlgWcgQkgwo8GcEGwemoTFt3FIO9ababBmaGwXIoBKZ+GTy0pP185beGg7Llih/NSHSV2XAs1lnznocSg==",
      "dev": true,
      "requires": {
        "@nodelib/fs.scandir": "2.1.5",
        "fastq": "^1.6.0"
      }
    },
    "@swc/cli": {
      "version": "0.1.57",
      "resolved": "https://registry.npmmirror.com/@swc/cli/-/cli-0.1.57.tgz",
      "integrity": "sha512-HxM8TqYHhAg+zp7+RdTU69bnkl4MWdt1ygyp6BDIPjTiaJVH6Dizn2ezbgDS8mnFZI1FyhKvxU/bbaUs8XhzQg==",
      "dev": true,
      "requires": {
        "commander": "^7.1.0",
        "fast-glob": "^3.2.5",
        "slash": "3.0.0",
        "source-map": "^0.7.3"
      }
    },
    "@swc/core": {
      "version": "1.3.14",
      "resolved": "https://registry.npmmirror.com/@swc/core/-/core-1.3.14.tgz",
      "integrity": "sha512-LpTTrXOGS7vnbR/rHrAux7GykUWbyVmI5NbICl9iF9yeqFdGm6JjaGBhbanmG8zrQL5aFx2kMxxb92V9D1KUiw==",
      "dev": true,
      "requires": {
        "@swc/core-darwin-arm64": "1.3.14",
        "@swc/core-darwin-x64": "1.3.14",
        "@swc/core-linux-arm-gnueabihf": "1.3.14",
        "@swc/core-linux-arm64-gnu": "1.3.14",
        "@swc/core-linux-arm64-musl": "1.3.14",
        "@swc/core-linux-x64-gnu": "1.3.14",
        "@swc/core-linux-x64-musl": "1.3.14",
        "@swc/core-win32-arm64-msvc": "1.3.14",
        "@swc/core-win32-ia32-msvc": "1.3.14",
        "@swc/core-win32-x64-msvc": "1.3.14"
      }
    },
    "@swc/core-darwin-arm64": {
      "version": "1.3.14",
      "resolved": "https://registry.npmmirror.com/@swc/core-darwin-arm64/-/core-darwin-arm64-1.3.14.tgz",
      "integrity": "sha512-QFuUq3341uOCrJMIWGuo+CmRC5qZoM2lUo7o2lmv1FO1Dh9njTG85pLD83vz6y4j/F034DBGzvRgSti/Bsoccw==",
      "dev": true,
      "optional": true
    },
    "@swc/core-darwin-x64": {
      "version": "1.3.14",
      "resolved": "https://registry.npmmirror.com/@swc/core-darwin-x64/-/core-darwin-x64-1.3.14.tgz",
      "integrity": "sha512-fpAjbjXimJBmxCumRB8zjEtPc0lGUi9Uvu92XH6ww6AyXvg7KQmua5P2R9tnzAm6NwTCXKkgS86cgKysAbbObw==",
      "dev": true,
      "optional": true
    },
    "@swc/core-linux-arm-gnueabihf": {
      "version": "1.3.14",
      "resolved": "https://registry.npmmirror.com/@swc/core-linux-arm-gnueabihf/-/core-linux-arm-gnueabihf-1.3.14.tgz",
      "integrity": "sha512-3XSFlgIyDPS+x2c0IFr0AGj4NUbrWGKbkkUCpmAURII0n3YoDsYw8Ux73I8MkWxTTwDGkou8qQOXyA28kAUM4w==",
      "dev": true,
      "optional": true
    },
    "@swc/core-linux-arm64-gnu": {
      "version": "1.3.14",
      "resolved": "https://registry.npmmirror.com/@swc/core-linux-arm64-gnu/-/core-linux-arm64-gnu-1.3.14.tgz",
      "integrity": "sha512-r3fToDRYX76NEptAjvDg5aGrbitOgqooV37RpSTIGYd/CSNuin4cpCNFdca/Vh5lnNfal7mqdGDbG7gMruARtw==",
      "dev": true,
      "optional": true
    },
    "@swc/core-linux-arm64-musl": {
      "version": "1.3.14",
      "resolved": "https://registry.npmmirror.com/@swc/core-linux-arm64-musl/-/core-linux-arm64-musl-1.3.14.tgz",
      "integrity": "sha512-IivEUC+3HNSsQNCfaCDzev2CpsvWpgFReitCmj0PKIdXFRsTi78jtJiraLWnYy956j4wwZbKN0OFGkS2ekKAVg==",
      "dev": true,
      "optional": true
    },
    "@swc/core-linux-x64-gnu": {
      "version": "1.3.14",
      "resolved": "https://registry.npmmirror.com/@swc/core-linux-x64-gnu/-/core-linux-x64-gnu-1.3.14.tgz",
      "integrity": "sha512-HtwwA1Z0tE2z9fgaR5ehgY5ULbnVLHj3tayyWhIElF4EWsi6aQfCyn/oCZAcjoPKfEnJiSNBYt5gMmfK8l4mJA==",
      "dev": true,
      "optional": true
    },
    "@swc/core-linux-x64-musl": {
      "version": "1.3.14",
      "resolved": "https://registry.npmmirror.com/@swc/core-linux-x64-musl/-/core-linux-x64-musl-1.3.14.tgz",
      "integrity": "sha512-RPXilkTD8IVgpou4TNuqZJOB7kMrVJ7sm7GgHF4v1eV3xdIyvy4w5FWjXZRdwMW6iunLgQEckuOmVx0I4mrdNg==",
      "dev": true,
      "optional": true
    },
    "@swc/core-win32-arm64-msvc": {
      "version": "1.3.14",
      "resolved": "https://registry.npmmirror.com/@swc/core-win32-arm64-msvc/-/core-win32-arm64-msvc-1.3.14.tgz",
      "integrity": "sha512-H8Ka/ahJRs84hQCHC5ndORujbLBmi1mv+Z/m4CXpOaEX7TmeAo8nA17rrRckNvVkud9fghsKQGjkBQvJ0v7mRw==",
      "dev": true,
      "optional": true
    },
    "@swc/core-win32-ia32-msvc": {
      "version": "1.3.14",
      "resolved": "https://registry.npmmirror.com/@swc/core-win32-ia32-msvc/-/core-win32-ia32-msvc-1.3.14.tgz",
      "integrity": "sha512-H3ZmDXrVxrqBzzCFodwYfcXfTHE0xGNLJlLGzJ4haV6RBM3ZYIvRzDtPivDzic/VQncmPj1WpLoEDfx/7KNC8Q==",
      "dev": true,
      "optional": true
    },
    "@swc/core-win32-x64-msvc": {
      "version": "1.3.14",
      "resolved": "https://registry.npmmirror.com/@swc/core-win32-x64-msvc/-/core-win32-x64-msvc-1.3.14.tgz",
      "integrity": "sha512-/D1lhWF/DQi2M7b6jWL35NmTY0mRJ5mwTXdmjqNNWOZ8h8TXQo1A3/FDFnfIIcRUeSNdF7IeB3xInT3BI34E1w==",
      "dev": true,
      "optional": true
    },
    "@types/glob": {
      "version": "7.2.0",
      "resolved": "https://registry.npmmirror.com/@types/glob/-/glob-7.2.0.tgz",
      "integrity": "sha512-ZUxbzKl0IfJILTS6t7ip5fQQM/J3TJYubDm3nMbgubNNYS62eXeUpoLUC8/7fJNiFYHTrGPQn7hspDUzIHX3UA==",
      "requires": {
        "@types/minimatch": "*",
        "@types/node": "*"
      }
    },
    "@types/minimatch": {
      "version": "5.1.2",
      "resolved": "https://registry.npmmirror.com/@types/minimatch/-/minimatch-5.1.2.tgz",
      "integrity": "sha512-K0VQKziLUWkVKiRVrx4a40iPaxTUefQmjtkQofBkYRcoaaL/8rhwDWww9qWbrgicNOgnpIsMxyNIUM4+n6dUIA=="
    },
    "@types/node": {
      "version": "18.11.9",
      "resolved": "https://registry.npmmirror.com/@types/node/-/node-18.11.9.tgz",
      "integrity": "sha512-CRpX21/kGdzjOpFsZSkcrXMGIBWMGNIHXXBVFSH+ggkftxg+XYP20TESbh+zFvFj3EQOl5byk0HTRn1IL6hbqg=="
    },
    "@types/semver": {
      "version": "7.3.13",
      "resolved": "https://registry.npmmirror.com/@types/semver/-/semver-7.3.13.tgz",
      "integrity": "sha512-21cFJr9z3g5dW8B0CVI9g2O9beqaThGQ6ZFBqHfwhzLDKUxaqTIy3vnfah/UPkfOiF2pLq+tGz+W8RyCskuslw=="
    },
    "balanced-match": {
      "version": "1.0.2",
      "resolved": "https://registry.npmmirror.com/balanced-match/-/balanced-match-1.0.2.tgz",
      "integrity": "sha512-3oSeUO0TMV67hN1AmbXsK4yaqU7tjiHlbxRDZOpH0KW9+CeX4bRAaX0Anxt0tx2MrpRpWwQaPwIlISEJhYU5Pw=="
    },
    "brace-expansion": {
      "version": "1.1.11",
      "resolved": "https://registry.npmmirror.com/brace-expansion/-/brace-expansion-1.1.11.tgz",
      "integrity": "sha512-iCuPHDFgrHX7H2vEI/5xpz07zSHB00TpugqhmYtVmMO6518mCuRMoOYFldEBl0g187ufozdaHgWKcYFb61qGiA==",
      "requires": {
        "balanced-match": "^1.0.0",
        "concat-map": "0.0.1"
      }
    },
    "braces": {
      "version": "3.0.2",
      "resolved": "https://registry.npmmirror.com/braces/-/braces-3.0.2.tgz",
      "integrity": "sha512-b8um+L1RzM3WDSzvhm6gIz1yfTbBt6YTlcEKAvsmqCZZFw46z626lVj9j1yEPW33H5H+lBQpZMP1k8l+78Ha0A==",
      "dev": true,
      "requires": {
        "fill-range": "^7.0.1"
      }
    },
    "class-validator": {
      "version": "0.13.2",
      "resolved": "https://registry.npmmirror.com/class-validator/-/class-validator-0.13.2.tgz",
      "integrity": "sha512-yBUcQy07FPlGzUjoLuUfIOXzgynnQPPruyK1Ge2B74k9ROwnle1E+NxLWnUv5OLU8hA/qL5leAE9XnXq3byaBw==",
      "requires": {
        "libphonenumber-js": "^1.9.43",
        "validator": "^13.7.0"
      }
    },
    "commander": {
      "version": "7.2.0",
      "resolved": "https://registry.npmmirror.com/commander/-/commander-7.2.0.tgz",
      "integrity": "sha512-QrWXB+ZQSVPmIWIhtEO9H+gwHaMGYiF5ChvoJ+K9ZGHG/sVsa6yiesAD1GC/x46sET00Xlwo1u49RVVVzvcSkw==",
      "dev": true
    },
    "concat-map": {
      "version": "0.0.1",
      "resolved": "https://registry.npmmirror.com/concat-map/-/concat-map-0.0.1.tgz",
      "integrity": "sha512-/Srv4dswyQNBfohGpz9o6Yb3Gz3SrUDqBH5rTuhGR7ahtlbYKnVxw2bCFMRljaA7EXHaXZ8wsHdodFvbkhKmqg=="
    },
    "fast-glob": {
      "version": "3.2.12",
      "resolved": "https://registry.npmmirror.com/fast-glob/-/fast-glob-3.2.12.tgz",
      "integrity": "sha512-DVj4CQIYYow0BlaelwK1pHl5n5cRSJfM60UA0zK891sVInoPri2Ekj7+e1CT3/3qxXenpI+nBBmQAcJPJgaj4w==",
      "dev": true,
      "requires": {
        "@nodelib/fs.stat": "^2.0.2",
        "@nodelib/fs.walk": "^1.2.3",
        "glob-parent": "^5.1.2",
        "merge2": "^1.3.0",
        "micromatch": "^4.0.4"
      }
    },
    "fastq": {
      "version": "1.13.0",
      "resolved": "https://registry.npmmirror.com/fastq/-/fastq-1.13.0.tgz",
      "integrity": "sha512-YpkpUnK8od0o1hmeSc7UUs/eB/vIPWJYjKck2QKIzAf71Vm1AAQ3EbuZB3g2JIy+pg+ERD0vqI79KyZiB2e2Nw==",
      "dev": true,
      "requires": {
        "reusify": "^1.0.4"
      }
    },
    "fill-range": {
      "version": "7.0.1",
      "resolved": "https://registry.npmmirror.com/fill-range/-/fill-range-7.0.1.tgz",
      "integrity": "sha512-qOo9F+dMUmC2Lcb4BbVvnKJxTPjCm+RRpe4gDuGrzkL7mEVl/djYSu2OdQ2Pa302N4oqkSg9ir6jaLWJ2USVpQ==",
      "dev": true,
      "requires": {
        "to-regex-range": "^5.0.1"
      }
    },
    "fs.realpath": {
      "version": "1.0.0",
      "resolved": "https://registry.npmmirror.com/fs.realpath/-/fs.realpath-1.0.0.tgz",
      "integrity": "sha512-OO0pH2lK6a0hZnAdau5ItzHPI6pUlvI7jMVnxUQRtw4owF2wk8lOSabtGDCTP4Ggrg2MbGnWO9X8K1t4+fGMDw=="
    },
    "glob": {
      "version": "7.2.3",
      "resolved": "https://registry.npmmirror.com/glob/-/glob-7.2.3.tgz",
      "integrity": "sha512-nFR0zLpU2YCaRxwoCJvL6UvCH2JFyFVIvwTLsIf21AuHlMskA1hhTdk+LlYJtOlYt9v6dvszD2BGRqBL+iQK9Q==",
      "requires": {
        "fs.realpath": "^1.0.0",
        "inflight": "^1.0.4",
        "inherits": "2",
        "minimatch": "^3.1.1",
        "once": "^1.3.0",
        "path-is-absolute": "^1.0.0"
      }
    },
    "glob-parent": {
      "version": "5.1.2",
      "resolved": "https://registry.npmmirror.com/glob-parent/-/glob-parent-5.1.2.tgz",
      "integrity": "sha512-AOIgSQCepiJYwP3ARnGx+5VnTu2HBYdzbGP45eLw1vr3zB3vZLeyed1sC9hnbcOc9/SrMyM5RPQrkGz4aS9Zow==",
      "dev": true,
      "requires": {
        "is-glob": "^4.0.1"
      }
    },
    "graphql": {
      "version": "15.8.0",
      "resolved": "https://registry.npmmirror.com/graphql/-/graphql-15.8.0.tgz",
      "integrity": "sha512-5gghUc24tP9HRznNpV2+FIoq3xKkj5dTQqf4v0CpdPbFVwFkWoxOM+o+2OC9ZSvjEMTjfmG9QT+gcvggTwW1zw=="
    },
    "graphql-query-complexity": {
      "version": "0.7.2",
      "resolved": "https://registry.npmmirror.com/graphql-query-complexity/-/graphql-query-complexity-0.7.2.tgz",
      "integrity": "sha512-+VgmrfxGEjHI3zuojWOR8bsz7Ycz/BZjNjxnlUieTz5DsB92WoIrYCSZdWG7UWZ3rfcA1Gb2Nf+wB80GsaZWuQ==",
      "requires": {
        "lodash.get": "^4.4.2"
      }
    },
    "graphql-subscriptions": {
      "version": "1.2.1",
      "resolved": "https://registry.npmmirror.com/graphql-subscriptions/-/graphql-subscriptions-1.2.1.tgz",
      "integrity": "sha512-95yD/tKi24q8xYa7Q9rhQN16AYj5wPbrb8tmHGM3WRc9EBmWrG/0kkMl+tQG8wcEuE9ibR4zyOM31p5Sdr2v4g==",
      "requires": {
        "iterall": "^1.3.0"
      }
    },
    "inflight": {
      "version": "1.0.6",
      "resolved": "https://registry.npmmirror.com/inflight/-/inflight-1.0.6.tgz",
      "integrity": "sha512-k92I/b08q4wvFscXCLvqfsHCrjrF7yiXsQuIVvVE7N82W3+aqpzuUdBbfhWcy/FZR3/4IgflMgKLOsvPDrGCJA==",
      "requires": {
        "once": "^1.3.0",
        "wrappy": "1"
      }
    },
    "inherits": {
      "version": "2.0.4",
      "resolved": "https://registry.npmmirror.com/inherits/-/inherits-2.0.4.tgz",
      "integrity": "sha512-k/vGaX4/Yla3WzyMCvTQOXYeIHvqOKtnqBduzTHpzpQZzAskKMhZ2K+EnBiSM9zGSoIFeMpXKxa4dYeZIQqewQ=="
    },
    "is-extglob": {
      "version": "2.1.1",
      "resolved": "https://registry.npmmirror.com/is-extglob/-/is-extglob-2.1.1.tgz",
      "integrity": "sha512-SbKbANkN603Vi4jEZv49LeVJMn4yGwsbzZworEoyEiutsN3nJYdbO36zfhGJ6QEDpOZIFkDtnq5JRxmvl3jsoQ==",
      "dev": true
    },
    "is-glob": {
      "version": "4.0.3",
      "resolved": "https://registry.npmmirror.com/is-glob/-/is-glob-4.0.3.tgz",
      "integrity": "sha512-xelSayHH36ZgE7ZWhli7pW34hNbNl8Ojv5KVmkJD4hBdD3th8Tfk9vYasLM+mXWOZhFkgZfxhLSnrwRr4elSSg==",
      "dev": true,
      "requires": {
        "is-extglob": "^2.1.1"
      }
    },
    "is-number": {
      "version": "7.0.0",
      "resolved": "https://registry.npmmirror.com/is-number/-/is-number-7.0.0.tgz",
      "integrity": "sha512-41Cifkg6e8TylSpdtTpeLVMqvSBEVzTttHvERD741+pnZ8ANv0004MRL43QKPDlK9cGvNp6NZWZUBlbGXYxxng==",
      "dev": true
    },
    "iterall": {
      "version": "1.3.0",
      "resolved": "https://registry.npmmirror.com/iterall/-/iterall-1.3.0.tgz",
      "integrity": "sha512-QZ9qOMdF+QLHxy1QIpUHUU1D5pS2CG2P69LF6L6CPjPYA/XMOmKV3PZpawHoAjHNyB0swdVTRxdYT4tbBbxqwg=="
    },
    "libphonenumber-js": {
      "version": "1.10.14",
      "resolved": "https://registry.npmmirror.com/libphonenumber-js/-/libphonenumber-js-1.10.14.tgz",
      "integrity": "sha512-McGS7GV/WjJ2KjfOGhJU1oJn29RYeo7Q+RpANRbUNMQ9gj5XArpbjurSuyYPTejFwbaUojstQ4XyWCrAzGOUXw=="
    },
    "lodash.get": {
      "version": "4.4.2",
      "resolved": "https://registry.npmmirror.com/lodash.get/-/lodash.get-4.4.2.tgz",
      "integrity": "sha512-z+Uw/vLuy6gQe8cfaFWD7p0wVv8fJl3mbzXh33RS+0oW2wvUqiRXiQ69gLWSLpgB5/6sU+r6BlQR0MBILadqTQ=="
    },
    "lru-cache": {
      "version": "6.0.0",
      "resolved": "https://registry.npmmirror.com/lru-cache/-/lru-cache-6.0.0.tgz",
      "integrity": "sha512-Jo6dJ04CmSjuznwJSS3pUeWmd/H0ffTlkXXgwZi+eq1UCmqQwCh+eLsYOYCwY991i2Fah4h1BEMCx4qThGbsiA==",
      "requires": {
        "yallist": "^4.0.0"
      }
    },
    "merge2": {
      "version": "1.4.1",
      "resolved": "https://registry.npmmirror.com/merge2/-/merge2-1.4.1.tgz",
      "integrity": "sha512-8q7VEgMJW4J8tcfVPy8g09NcQwZdbwFEqhe/WZkoIzjn/3TGDwtOCYtXGxA3O8tPzpczCCDgv+P2P5y00ZJOOg==",
      "dev": true
    },
    "micromatch": {
      "version": "4.0.5",
      "resolved": "https://registry.npmmirror.com/micromatch/-/micromatch-4.0.5.tgz",
      "integrity": "sha512-DMy+ERcEW2q8Z2Po+WNXuw3c5YaUSFjAO5GsJqfEl7UjvtIuFKO6ZrKvcItdy98dwFI2N1tg3zNIdKaQT+aNdA==",
      "dev": true,
      "requires": {
        "braces": "^3.0.2",
        "picomatch": "^2.3.1"
      }
    },
    "minimatch": {
      "version": "3.1.2",
      "resolved": "https://registry.npmmirror.com/minimatch/-/minimatch-3.1.2.tgz",
      "integrity": "sha512-J7p63hRiAjw1NDEww1W7i37+ByIrOWO5XQQAzZ3VOcL0PNybwpfmV/N05zFAzwQ9USyEcX6t3UO+K5aqBQOIHw==",
      "requires": {
        "brace-expansion": "^1.1.7"
      }
    },
    "once": {
      "version": "1.4.0",
      "resolved": "https://registry.npmmirror.com/once/-/once-1.4.0.tgz",
      "integrity": "sha512-lNaJgI+2Q5URQBkccEKHTQOPaXdUxnZZElQTZY0MFUAuaEqe1E+Nyvgdz/aIyNi6Z9MzO5dv1H8n58/GELp3+w==",
      "requires": {
        "wrappy": "1"
      }
    },
    "path-is-absolute": {
      "version": "1.0.1",
      "resolved": "https://registry.npmmirror.com/path-is-absolute/-/path-is-absolute-1.0.1.tgz",
      "integrity": "sha512-AVbw3UJ2e9bq64vSaS9Am0fje1Pa8pbGqTTsmXfaIiMpnr5DlDhfJOuLj9Sf95ZPVDAUerDfEk88MPmPe7UCQg=="
    },
    "picomatch": {
      "version": "2.3.1",
      "resolved": "https://registry.npmmirror.com/picomatch/-/picomatch-2.3.1.tgz",
      "integrity": "sha512-JU3teHTNjmE2VCGFzuY8EXzCDVwEqB2a8fsIvwaStHhAWJEeVd1o1QD80CU6+ZdEXXSLbSsuLwJjkCBWqRQUVA==",
      "dev": true
    },
    "queue-microtask": {
      "version": "1.2.3",
      "resolved": "https://registry.npmmirror.com/queue-microtask/-/queue-microtask-1.2.3.tgz",
      "integrity": "sha512-NuaNSa6flKT5JaSYQzJok04JzTL1CA6aGhv5rfLW3PgqA+M2ChpZQnAC8h8i4ZFkBS8X5RqkDBHA7r4hej3K9A==",
      "dev": true
    },
    "reflect-metadata": {
      "version": "0.1.13",
      "resolved": "https://registry.npmmirror.com/reflect-metadata/-/reflect-metadata-0.1.13.tgz",
      "integrity": "sha512-Ts1Y/anZELhSsjMcU605fU9RE4Oi3p5ORujwbIKXfWa+0Zxs510Qrmrce5/Jowq3cHSZSJqBjypxmHarc+vEWg=="
    },
    "reusify": {
      "version": "1.0.4",
      "resolved": "https://registry.npmmirror.com/reusify/-/reusify-1.0.4.tgz",
      "integrity": "sha512-U9nH88a3fc/ekCF1l0/UP1IosiuIjyTh7hBvXVMHYgVcfGvt897Xguj2UOLDeI5BG2m7/uwyaLVT6fbtCwTyzw==",
      "dev": true
    },
    "run-parallel": {
      "version": "1.2.0",
      "resolved": "https://registry.npmmirror.com/run-parallel/-/run-parallel-1.2.0.tgz",
      "integrity": "sha512-5l4VyZR86LZ/lDxZTR6jqL8AFE2S0IFLMP26AbjsLVADxHdhB/c0GUsH+y39UfCi3dzz8OlQuPmnaJOMoDHQBA==",
      "dev": true,
      "requires": {
        "queue-microtask": "^1.2.2"
      }
    },
    "semver": {
      "version": "7.3.8",
      "resolved": "https://registry.npmmirror.com/semver/-/semver-7.3.8.tgz",
      "integrity": "sha512-NB1ctGL5rlHrPJtFDVIVzTyQylMLu9N9VICA6HSFJo8MCGVTMW6gfpicwKmmK/dAjTOrqu5l63JJOpDSrAis3A==",
      "requires": {
        "lru-cache": "^6.0.0"
      }
    },
    "slash": {
      "version": "3.0.0",
      "resolved": "https://registry.npmmirror.com/slash/-/slash-3.0.0.tgz",
      "integrity": "sha512-g9Q1haeby36OSStwb4ntCGGGaKsaVSjQ68fBxoQcutl5fS1vuY18H3wSt3jFyFtrkx+Kz0V1G85A4MyAdDMi2Q==",
      "dev": true
    },
    "source-map": {
      "version": "0.7.4",
      "resolved": "https://registry.npmmirror.com/source-map/-/source-map-0.7.4.tgz",
      "integrity": "sha512-l3BikUxvPOcn5E74dZiq5BGsTb5yEwhaTSzccU6t4sDOH8NWJCstKO5QT2CvtFoK6F0saL7p9xHAqHOlCPJygA==",
      "dev": true
    },
    "to-regex-range": {
      "version": "5.0.1",
      "resolved": "https://registry.npmmirror.com/to-regex-range/-/to-regex-range-5.0.1.tgz",
      "integrity": "sha512-65P7iz6X5yEr1cwcgvQxbbIw7Uk3gOy5dIdtZ4rDveLqhrdJP+Li/Hx6tyK0NEb+2GCyneCMJiGqrADCSNk8sQ==",
      "dev": true,
      "requires": {
        "is-number": "^7.0.0"
      }
    },
    "tslib": {
      "version": "2.4.1",
      "resolved": "https://registry.npmmirror.com/tslib/-/tslib-2.4.1.tgz",
      "integrity": "sha512-tGyy4dAjRIEwI7BzsB0lynWgOpfqjUdq91XXAlIWD2OwKBH7oCl/GZG/HT4BOHrTlPMOASlMQ7veyTqpmRcrNA=="
    },
    "type-graphql": {
      "version": "1.1.1",
      "resolved": "https://registry.npmmirror.com/type-graphql/-/type-graphql-1.1.1.tgz",
      "integrity": "sha512-iOOWVn0ehCYMukmnXStbkRwFE9dcjt7/oDcBS1JyQZo9CbhlIll4lHHps54HMEk4A4c8bUPd+DjK8w1/ZrxB4A==",
      "requires": {
        "@types/glob": "^7.1.3",
        "@types/node": "*",
        "@types/semver": "^7.3.3",
        "glob": "^7.1.6",
        "graphql-query-complexity": "^0.7.0",
        "graphql-subscriptions": "^1.1.0",
        "semver": "^7.3.2",
        "tslib": "^2.0.1"
      }
    },
    "validator": {
      "version": "13.7.0",
      "resolved": "https://registry.npmmirror.com/validator/-/validator-13.7.0.tgz",
      "integrity": "sha512-nYXQLCBkpJ8X6ltALua9dRrZDHVYxjJ1wgskNt1lH9fzGjs3tgojGSCBjmEPwkWS1y29+DrizMTW19Pr9uB2nw=="
    },
    "wrappy": {
      "version": "1.0.2",
      "resolved": "https://registry.npmmirror.com/wrappy/-/wrappy-1.0.2.tgz",
      "integrity": "sha512-l4Sp/DRseor9wL6EvV2+TuQn63dMkPjZ/sp9XkghTEbV9KlPS1xUsZ3u7/IQO4wxtcFB4bgpQPRcR3QCvezPcQ=="
    },
    "yallist": {
      "version": "4.0.0",
      "resolved": "https://registry.npmmirror.com/yallist/-/yallist-4.0.0.tgz",
      "integrity": "sha512-3wdGidZyq5PB084XLES5TpOSRA3wjXAlIWMhum2kRcv/41Sn2emQ0dycQW4uZXLejwKvg6EsvbdlVL+FYEct7A=="
    }
  }
}
